
Microsoft Visual Studio Solution File, Format Version 12.00
# Visual Studio Version 17
VisualStudioVersion = 17.8.34408.163
MinimumVisualStudioVersion = 10.0.40219.1
Project("{FAE04EC0-301F-11D3-BF4B-00C04F79EFBC}") = "CS161_CardFlip", "CS161_CardFlip\CS161_CardFlip.csproj", "{A80AE939-688A-428C-A282-DAA8C5E11951}"
EndProject
Global
	GlobalSection(SolutionConfigurationPlatforms) = preSolution
		Debug|Any CPU = Debug|Any CPU
		Release|Any CPU = Release|Any CPU
	EndGlobalSection
	GlobalSection(ProjectConfigurationPlatforms) = postSolution
		{A80AE939-688A-428C-A282-DAA8C5E11951}.Debug|Any CPU.ActiveCfg = Debug|Any CPU
		{A80AE939-688A-428C-A282-DAA8C5E11951}.Debug|Any CPU.Build.0 = Debug|Any CPU
		{A80AE939-688A-428C-A282-DAA8C5E11951}.Release|Any CPU.ActiveCfg = Release|Any CPU
		{A80AE939-688A-428C-A282-DAA8C5E11951}.Release|Any CPU.Build.0 = Release|Any CPU
	EndGlobalSection
	GlobalSection(SolutionProperties) = preSolution
		HideSolutionNode = FALSE
	EndGlobalSection
	GlobalSection(ExtensibilityGlobals) = postSolution
		SolutionGuid = {CBAE6659-0DA5-4312-840C-44A66B773464}
	EndGlobalSection
EndGlobal
